
Microsoft Visual Studio Solution File, Format Version 12.00
# Visual Studio Version 17
VisualStudioVersion = 17.9.34728.123
MinimumVisualStudioVersion = 10.0.40219.1
Project("{FAE04EC0-301F-11D3-BF4B-00C04F79EFBC}") = "BankaTest", "BankaTest\BankaTest.csproj", "{BBC89D83-7523-4977-9328-895314630C52}"
EndProject
Global
	GlobalSection(SolutionConfigurationPlatforms) = preSolution
		Debug|Any CPU = Debug|Any CPU
		Release|Any CPU = Release|Any CPU
	EndGlobalSection
	GlobalSection(ProjectConfigurationPlatforms) = postSolution
		{BBC89D83-7523-4977-9328-895314630C52}.Debug|Any CPU.ActiveCfg = Debug|Any CPU
		{BBC89D83-7523-4977-9328-895314630C52}.Debug|Any CPU.Build.0 = Debug|Any CPU
		{BBC89D83-7523-4977-9328-895314630C52}.Release|Any CPU.ActiveCfg = Release|Any CPU
		{BBC89D83-7523-4977-9328-895314630C52}.Release|Any CPU.Build.0 = Release|Any CPU
	EndGlobalSection
	GlobalSection(SolutionProperties) = preSolution
		HideSolutionNode = FALSE
	EndGlobalSection
	GlobalSection(ExtensibilityGlobals) = postSolution
		SolutionGuid = {79ADD7B4-C00B-4A30-B259-76671BEB4B82}
	EndGlobalSection
EndGlobal
